name: 'Duelist’s Block'
type: 'move'
flags: {}
img: 'icons/skills/melee/swords-parry-block-yellow.webp'
_id: 'A2KboaSm5ZGjDlRS'
system:
  name: ''
  description: '<p>When you <strong>Hack &amp; Slash</strong>, you take +2 armor forward.</p>'
  choices: ''
  moveType: 'advanced'
  rollFormula: ''
  moveResults:
    failure:
      value: ''
    partial:
      value: ''
    success:
      value: ''
  class: 'The Bard'
  rollType: ''
  rollMod: 0
  requiresLevel: 6
  requiresMove: 'Duelist''s Parry'
  moveGroup: ''
ownership:
  default: 0
effects: []
folder: null
sort: 0
_stats:
  systemId: 'dungeonworld'
  systemVersion: '1.6.2'
  coreVersion: '10.291'
  createdTime: null
  modifiedTime: 1678528396085
  lastModifiedBy: 'ZAKkxHEmCmVhvUjX'
permission:
  default: 0
